
Microsoft Visual Studio Solution File, Format Version 12.00
# Visual Studio Version 17
VisualStudioVersion = 17.6.33829.357
MinimumVisualStudioVersion = 10.0.40219.1
Project("{FAE04EC0-301F-11D3-BF4B-00C04F79EFBC}") = "DentalCare", "DentalCare\DentalCare.csproj", "{AAE8FA7C-9B38-4074-9A61-E37CFECE9D4C}"
EndProject
Global
	GlobalSection(SolutionConfigurationPlatforms) = preSolution
		Debug|Any CPU = Debug|Any CPU
		Release|Any CPU = Release|Any CPU
	EndGlobalSection
	GlobalSection(ProjectConfigurationPlatforms) = postSolution
		{AAE8FA7C-9B38-4074-9A61-E37CFECE9D4C}.Debug|Any CPU.ActiveCfg = Debug|Any CPU
		{AAE8FA7C-9B38-4074-9A61-E37CFECE9D4C}.Debug|Any CPU.Build.0 = Debug|Any CPU
		{AAE8FA7C-9B38-4074-9A61-E37CFECE9D4C}.Release|Any CPU.ActiveCfg = Release|Any CPU
		{AAE8FA7C-9B38-4074-9A61-E37CFECE9D4C}.Release|Any CPU.Build.0 = Release|Any CPU
	EndGlobalSection
	GlobalSection(SolutionProperties) = preSolution
		HideSolutionNode = FALSE
	EndGlobalSection
	GlobalSection(ExtensibilityGlobals) = postSolution
		SolutionGuid = {C737315C-189A-4892-8231-48F33F5C465F}
	EndGlobalSection
EndGlobal
